<?xml version="1.0" encoding="UTF-8"?>
<Scheme
   LastUpgradeVersion = "1430"
   version = "1.7">
   <BuildAction
      parallelizeBuildables = "YES"
      buildImplicitDependencies = "YES">
      <BuildActionEntries>
         <BuildActionEntry
            buildForTesting = "YES"
            buildForRunning = "YES"
            buildForProfiling = "YES"
            buildForArchiving = "YES"
            buildForAnalyzing = "YES">
            <BuildableReference
               BuildableIdentifier = "primary"
               BlueprintIdentifier = "F62FC0B029EED03E00A40976"
               BuildableName = "62teknologi-senior-frontend-test-{m-hazizurrohman-k}.app"
               BlueprintName = "62teknologi-senior-frontend-test-{m-hazizurrohman-k}"
               ReferencedContainer = "container:62teknologi-senior-frontend-test-{m-hazizurrohman-k}.xcodeproj">
            </BuildableReference>
         </BuildActionEntry>
      </BuildActionEntries>
   </BuildAction>
   <TestAction
      buildConfiguration = "Debug"
      selectedDebuggerIdentifier = "Xcode.DebuggerFoundation.Debugger.LLDB"
      selectedLauncherIdentifier = "Xcode.DebuggerFoundation.Launcher.LLDB"
      shouldUseLaunchSchemeArgsEnv = "YES"
      shouldAutocreateTestPlan = "YES">
      <Testables>
         <TestableReference
            skipped = "NO"
            parallelizable = "YES">
            <BuildableReference
               BuildableIdentifier = "primary"
               BlueprintIdentifier = "F62FC0C029EED04000A40976"
               BuildableName = "62teknologi-senior-frontend-test-{m-hazizurrohman-k}Tests.xctest"
               BlueprintName = "62teknologi-senior-frontend-test-{m-hazizurrohman-k}Tests"
               ReferencedContainer = "container:62teknologi-senior-frontend-test-{m-hazizurrohman-k}.xcodeproj">
            </BuildableReference>
         </TestableReference>
         <TestableReference
            skipped = "NO"
            parallelizable = "YES">
            <BuildableReference
               BuildableIdentifier = "primary"
               BlueprintIdentifier = "F62FC0CA29EED04000A40976"
               BuildableName = "62teknologi-senior-frontend-test-{m-hazizurrohman-k}UITests.xctest"
               BlueprintName = "62teknologi-senior-frontend-test-{m-hazizurrohman-k}UITests"
               ReferencedContainer = "container:62teknologi-senior-frontend-test-{m-hazizurrohman-k}.xcodeproj">
            </BuildableReference>
         </TestableReference>
      </Testables>
   </TestAction>
   <LaunchAction
      buildConfiguration = "Debug"
      selectedDebuggerIdentifier = "Xcode.DebuggerFoundation.Debugger.LLDB"
      selectedLauncherIdentifier = "Xcode.DebuggerFoundation.Launcher.LLDB"
      launchStyle = "0"
      useCustomWorkingDirectory = "NO"
      ignoresPersistentStateOnLaunch = "NO"
      debugDocumentVersioning = "YES"
      debugServiceExtension = "internal"
      allowLocationSimulation = "YES">
      <BuildableProductRunnable
         runnableDebuggingMode = "0">
         <BuildableReference
            BuildableIdentifier = "primary"
            BlueprintIdentifier = "F62FC0B029EED03E00A40976"
            BuildableName = "62teknologi-senior-frontend-test-{m-hazizurrohman-k}.app"
            BlueprintName = "62teknologi-senior-frontend-test-{m-hazizurrohman-k}"
            ReferencedContainer = "container:62teknologi-senior-frontend-test-{m-hazizurrohman-k}.xcodeproj">
         </BuildableReference>
      </BuildableProductRunnable>
      <EnvironmentVariables>
         <EnvironmentVariable
            key = "API_KEY"
            value = "M9L3nyjScIcrwx8R84OdTDYhBNd6LLph8MknWrU44GmDEoacQz7LlEx5JiDpuCSUTi43FNM3pBFjazIMPVUG9h39euF0s_kmm_6yTRT_qMtVWwRgZbQW8mc5yUtBZHYx"
            isEnabled = "YES">
         </EnvironmentVariable>
      </EnvironmentVariables>
   </LaunchAction>
   <ProfileAction
      buildConfiguration = "Release"
      shouldUseLaunchSchemeArgsEnv = "YES"
      savedToolIdentifier = ""
      useCustomWorkingDirectory = "NO"
      debugDocumentVersioning = "YES">
      <BuildableProductRunnable
         runnableDebuggingMode = "0">
         <BuildableReference
            BuildableIdentifier = "primary"
            BlueprintIdentifier = "F62FC0B029EED03E00A40976"
            BuildableName = "62teknologi-senior-frontend-test-{m-hazizurrohman-k}.app"
            BlueprintName = "62teknologi-senior-frontend-test-{m-hazizurrohman-k}"
            ReferencedContainer = "container:62teknologi-senior-frontend-test-{m-hazizurrohman-k}.xcodeproj">
         </BuildableReference>
      </BuildableProductRunnable>
   </ProfileAction>
   <AnalyzeAction
      buildConfiguration = "Debug">
   </AnalyzeAction>
   <ArchiveAction
      buildConfiguration = "Release"
      revealArchiveInOrganizer = "YES">
   </ArchiveAction>
</Scheme>
